// !$*UTF8*$!
{
	archiveVersion = 1;
	classes = {
	};
	objectVersion = 55;
	objects = {

/* Begin PBXBuildFile section */
		6A09CD0229F7BCCC00D9F108 /* ProdukDetail.swift in Sources */ = {isa = PBXBuildFile; fileRef = 6A09CD0129F7BCCC00D9F108 /* ProdukDetail.swift */; };
		6A12ABCE29D3F1DE000D184A /* InputCustome.swift in Sources */ = {isa = PBXBuildFile; fileRef = 6A12ABCD29D3F1DE000D184A /* InputCustome.swift */; };
		6A1BD16429D5598700E6694E /* TopBar.swift in Sources */ = {isa = PBXBuildFile; fileRef = 6A1BD16329D5598700E6694E /* TopBar.swift */; };
		6A1BD16629D55EBD00E6694E /* DropdownCustome.swift in Sources */ = {isa = PBXBuildFile; fileRef = 6A1BD16529D55EBD00E6694E /* DropdownCustome.swift */; };
		6A1BD16829D5725300E6694E /* Home.swift in Sources */ = {isa = PBXBuildFile; fileRef = 6A1BD16729D5725300E6694E /* Home.swift */; };
		6A1BD16A29D5795000E6694E /* Card.swift in Sources */ = {isa = PBXBuildFile; fileRef = 6A1BD16929D5795000E6694E /* Card.swift */; };
		6A2DD01629D43930002172BF /* SignUp.swift in Sources */ = {isa = PBXBuildFile; fileRef = 6A2DD01529D43930002172BF /* SignUp.swift */; };
		6A5D6FA429DD617900EE669F /* Order.swift in Sources */ = {isa = PBXBuildFile; fileRef = 6A5D6FA329DD617900EE669F /* Order.swift */; };
		6A6475E729F26111005EBE88 /* ListCustome.swift in Sources */ = {isa = PBXBuildFile; fileRef = 6A6475E629F26111005EBE88 /* ListCustome.swift */; };
		6A9E69D829D04BBF001FDECC /* FoodMarketiOSApp.swift in Sources */ = {isa = PBXBuildFile; fileRef = 6A9E69D729D04BBF001FDECC /* FoodMarketiOSApp.swift */; };
		6A9E69DA29D04BBF001FDECC /* ContentView.swift in Sources */ = {isa = PBXBuildFile; fileRef = 6A9E69D929D04BBF001FDECC /* ContentView.swift */; };
		6A9E69DC29D04BC0001FDECC /* Assets.xcassets in Resources */ = {isa = PBXBuildFile; fileRef = 6A9E69DB29D04BC0001FDECC /* Assets.xcassets */; };
		6A9E69DF29D04BC0001FDECC /* Preview Assets.xcassets in Resources */ = {isa = PBXBuildFile; fileRef = 6A9E69DE29D04BC0001FDECC /* Preview Assets.xcassets */; };
		6A9E69E929D04BC0001FDECC /* FoodMarketiOSTests.swift in Sources */ = {isa = PBXBuildFile; fileRef = 6A9E69E829D04BC0001FDECC /* FoodMarketiOSTests.swift */; };
		6A9E69F329D04BC0001FDECC /* FoodMarketiOSUITests.swift in Sources */ = {isa = PBXBuildFile; fileRef = 6A9E69F229D04BC0001FDECC /* FoodMarketiOSUITests.swift */; };
		6A9E69F529D04BC0001FDECC /* FoodMarketiOSUITestsLaunchTests.swift in Sources */ = {isa = PBXBuildFile; fileRef = 6A9E69F429D04BC0001FDECC /* FoodMarketiOSUITestsLaunchTests.swift */; };
		6A9E6A0629D04ED0001FDECC /* Services.swift in Sources */ = {isa = PBXBuildFile; fileRef = 6A9E6A0529D04ED0001FDECC /* Services.swift */; };
		6A9E6A0C29D0541C001FDECC /* SplashScreen.swift in Sources */ = {isa = PBXBuildFile; fileRef = 6A9E6A0B29D0541C001FDECC /* SplashScreen.swift */; };
		6AA6867029D2B9EE00F70DC0 /* SignIn.swift in Sources */ = {isa = PBXBuildFile; fileRef = 6AA6866F29D2B9EE00F70DC0 /* SignIn.swift */; };
		6AA9617A29D1BABB006F79F1 /* ButtonCustome.swift in Sources */ = {isa = PBXBuildFile; fileRef = 6AA9617929D1BABB006F79F1 /* ButtonCustome.swift */; };
		6AA9617C29D1C616006F79F1 /* MakeOrder.swift in Sources */ = {isa = PBXBuildFile; fileRef = 6AA9617B29D1C616006F79F1 /* MakeOrder.swift */; };
		6AAE3C8F29E7EC99003335A7 /* LoadingIndicator.swift in Sources */ = {isa = PBXBuildFile; fileRef = 6AAE3C8E29E7EC99003335A7 /* LoadingIndicator.swift */; };
		6ACCD75929D80A6200DD2889 /* Tab.swift in Sources */ = {isa = PBXBuildFile; fileRef = 6ACCD75829D80A6200DD2889 /* Tab.swift */; };
		6ACCD75B29D80E7800DD2889 /* TabItem.swift in Sources */ = {isa = PBXBuildFile; fileRef = 6ACCD75A29D80E7800DD2889 /* TabItem.swift */; };
		6ACCD75D29D8132E00DD2889 /* TabFooter.swift in Sources */ = {isa = PBXBuildFile; fileRef = 6ACCD75C29D8132E00DD2889 /* TabFooter.swift */; };
		6AE3250929E7E38800BC7494 /* Profile.swift in Sources */ = {isa = PBXBuildFile; fileRef = 6AE3250829E7E38800BC7494 /* Profile.swift */; };
/* End PBXBuildFile section */

/* Begin PBXContainerItemProxy section */
		6A9E69E529D04BC0001FDECC /* PBXContainerItemProxy */ = {
			isa = PBXContainerItemProxy;
			containerPortal = 6A9E69CC29D04BBF001FDECC /* Project object */;
			proxyType = 1;
			remoteGlobalIDString = 6A9E69D329D04BBF001FDECC;
			remoteInfo = FoodMarketiOS;
		};
		6A9E69EF29D04BC0001FDECC /* PBXContainerItemProxy */ = {
			isa = PBXContainerItemProxy;
			containerPortal = 6A9E69CC29D04BBF001FDECC /* Project object */;
			proxyType = 1;
			remoteGlobalIDString = 6A9E69D329D04BBF001FDECC;
			remoteInfo = FoodMarketiOS;
		};
/* End PBXContainerItemProxy section */

/* Begin PBXFileReference section */
		6A09CD0129F7BCCC00D9F108 /* ProdukDetail.swift */ = {isa = PBXFileReference; lastKnownFileType = sourcecode.swift; path = ProdukDetail.swift; sourceTree = "<group>"; };
		6A0CC51029D1788B0060385E /* Info.plist */ = {isa = PBXFileReference; lastKnownFileType = text.plist; path = Info.plist; sourceTree = "<group>"; };
		6A12ABCD29D3F1DE000D184A /* InputCustome.swift */ = {isa = PBXFileReference; lastKnownFileType = sourcecode.swift; path = InputCustome.swift; sourceTree = "<group>"; };
		6A1BD16329D5598700E6694E /* TopBar.swift */ = {isa = PBXFileReference; lastKnownFileType = sourcecode.swift; path = TopBar.swift; sourceTree = "<group>"; };
		6A1BD16529D55EBD00E6694E /* DropdownCustome.swift */ = {isa = PBXFileReference; lastKnownFileType = sourcecode.swift; path = DropdownCustome.swift; sourceTree = "<group>"; };
		6A1BD16729D5725300E6694E /* Home.swift */ = {isa = PBXFileReference; lastKnownFileType = sourcecode.swift; path = Home.swift; sourceTree = "<group>"; };
		6A1BD16929D5795000E6694E /* Card.swift */ = {isa = PBXFileReference; lastKnownFileType = sourcecode.swift; path = Card.swift; sourceTree = "<group>"; };
		6A2DD01529D43930002172BF /* SignUp.swift */ = {isa = PBXFileReference; lastKnownFileType = sourcecode.swift; path = SignUp.swift; sourceTree = "<group>"; };
		6A5D6FA329DD617900EE669F /* Order.swift */ = {isa = PBXFileReference; lastKnownFileType = sourcecode.swift; path = Order.swift; sourceTree = "<group>"; };
		6A6475E629F26111005EBE88 /* ListCustome.swift */ = {isa = PBXFileReference; lastKnownFileType = sourcecode.swift; path = ListCustome.swift; sourceTree = "<group>"; };
		6A9E69D429D04BBF001FDECC /* FoodMarketiOS.app */ = {isa = PBXFileReference; explicitFileType = wrapper.application; includeInIndex = 0; path = FoodMarketiOS.app; sourceTree = BUILT_PRODUCTS_DIR; };
		6A9E69D729D04BBF001FDECC /* FoodMarketiOSApp.swift */ = {isa = PBXFileReference; lastKnownFileType = sourcecode.swift; path = FoodMarketiOSApp.swift; sourceTree = "<group>"; };
		6A9E69D929D04BBF001FDECC /* ContentView.swift */ = {isa = PBXFileReference; lastKnownFileType = sourcecode.swift; path = ContentView.swift; sourceTree = "<group>"; };
		6A9E69DB29D04BC0001FDECC /* Assets.xcassets */ = {isa = PBXFileReference; lastKnownFileType = folder.assetcatalog; path = Assets.xcassets; sourceTree = "<group>"; };
		6A9E69DE29D04BC0001FDECC /* Preview Assets.xcassets */ = {isa = PBXFileReference; lastKnownFileType = folder.assetcatalog; path = "Preview Assets.xcassets"; sourceTree = "<group>"; };
		6A9E69E429D04BC0001FDECC /* FoodMarketiOSTests.xctest */ = {isa = PBXFileReference; explicitFileType = wrapper.cfbundle; includeInIndex = 0; path = FoodMarketiOSTests.xctest; sourceTree = BUILT_PRODUCTS_DIR; };
		6A9E69E829D04BC0001FDECC /* FoodMarketiOSTests.swift */ = {isa = PBXFileReference; lastKnownFileType = sourcecode.swift; path = FoodMarketiOSTests.swift; sourceTree = "<group>"; };
		6A9E69EE29D04BC0001FDECC /* FoodMarketiOSUITests.xctest */ = {isa = PBXFileReference; explicitFileType = wrapper.cfbundle; includeInIndex = 0; path = FoodMarketiOSUITests.xctest; sourceTree = BUILT_PRODUCTS_DIR; };
		6A9E69F229D04BC0001FDECC /* FoodMarketiOSUITests.swift */ = {isa = PBXFileReference; lastKnownFileType = sourcecode.swift; path = FoodMarketiOSUITests.swift; sourceTree = "<group>"; };
		6A9E69F429D04BC0001FDECC /* FoodMarketiOSUITestsLaunchTests.swift */ = {isa = PBXFileReference; lastKnownFileType = sourcecode.swift; path = FoodMarketiOSUITestsLaunchTests.swift; sourceTree = "<group>"; };
		6A9E6A0529D04ED0001FDECC /* Services.swift */ = {isa = PBXFileReference; lastKnownFileType = sourcecode.swift; path = Services.swift; sourceTree = "<group>"; };
		6A9E6A0B29D0541C001FDECC /* SplashScreen.swift */ = {isa = PBXFileReference; lastKnownFileType = sourcecode.swift; path = SplashScreen.swift; sourceTree = "<group>"; };
		6AA6866F29D2B9EE00F70DC0 /* SignIn.swift */ = {isa = PBXFileReference; lastKnownFileType = sourcecode.swift; path = SignIn.swift; sourceTree = "<group>"; };
		6AA9617929D1BABB006F79F1 /* ButtonCustome.swift */ = {isa = PBXFileReference; lastKnownFileType = sourcecode.swift; path = ButtonCustome.swift; sourceTree = "<group>"; };
		6AA9617B29D1C616006F79F1 /* MakeOrder.swift */ = {isa = PBXFileReference; lastKnownFileType = sourcecode.swift; path = MakeOrder.swift; sourceTree = "<group>"; };
		6AAE3C8E29E7EC99003335A7 /* LoadingIndicator.swift */ = {isa = PBXFileReference; lastKnownFileType = sourcecode.swift; path = LoadingIndicator.swift; sourceTree = "<group>"; };
		6ACCD75829D80A6200DD2889 /* Tab.swift */ = {isa = PBXFileReference; lastKnownFileType = sourcecode.swift; path = Tab.swift; sourceTree = "<group>"; };
		6ACCD75A29D80E7800DD2889 /* TabItem.swift */ = {isa = PBXFileReference; lastKnownFileType = sourcecode.swift; path = TabItem.swift; sourceTree = "<group>"; };
		6ACCD75C29D8132E00DD2889 /* TabFooter.swift */ = {isa = PBXFileReference; lastKnownFileType = sourcecode.swift; path = TabFooter.swift; sourceTree = "<group>"; };
		6AE3250829E7E38800BC7494 /* Profile.swift */ = {isa = PBXFileReference; lastKnownFileType = sourcecode.swift; path = Profile.swift; sourceTree = "<group>"; };
/* End PBXFileReference section */

/* Begin PBXFrameworksBuildPhase section */
		6A9E69D129D04BBF001FDECC /* Frameworks */ = {
			isa = PBXFrameworksBuildPhase;
			buildActionMask = 2147483647;
			files = (
			);
			runOnlyForDeploymentPostprocessing = 0;
		};
		6A9E69E129D04BC0001FDECC /* Frameworks */ = {
			isa = PBXFrameworksBuildPhase;
			buildActionMask = 2147483647;
			files = (
			);
			runOnlyForDeploymentPostprocessing = 0;
		};
		6A9E69EB29D04BC0001FDECC /* Frameworks */ = {
			isa = PBXFrameworksBuildPhase;
			buildActionMask = 2147483647;
			files = (
			);
			runOnlyForDeploymentPostprocessing = 0;
		};
/* End PBXFrameworksBuildPhase section */

/* Begin PBXGroup section */
		6A9E69CB29D04BBF001FDECC = {
			isa = PBXGroup;
			children = (
				6A9E69D629D04BBF001FDECC /* FoodMarketiOS */,
				6A9E69E729D04BC0001FDECC /* FoodMarketiOSTests */,
				6A9E69F129D04BC0001FDECC /* FoodMarketiOSUITests */,
				6A9E69D529D04BBF001FDECC /* Products */,
			);
			sourceTree = "<group>";
		};
		6A9E69D529D04BBF001FDECC /* Products */ = {
			isa = PBXGroup;
			children = (
				6A9E69D429D04BBF001FDECC /* FoodMarketiOS.app */,
				6A9E69E429D04BC0001FDECC /* FoodMarketiOSTests.xctest */,
				6A9E69EE29D04BC0001FDECC /* FoodMarketiOSUITests.xctest */,
			);
			name = Products;
			sourceTree = "<group>";
		};
		6A9E69D629D04BBF001FDECC /* FoodMarketiOS */ = {
			isa = PBXGroup;
			children = (
				6A0CC51029D1788B0060385E /* Info.plist */,
				6A9E6A0429D04EC1001FDECC /* Controllers */,
				6A9E6A0329D04EB6001FDECC /* View */,
				6A9E6A0229D04EB1001FDECC /* Model */,
				6A9E6A0129D04E9F001FDECC /* ViewModel */,
				6A9E69D729D04BBF001FDECC /* FoodMarketiOSApp.swift */,
				6A9E69D929D04BBF001FDECC /* ContentView.swift */,
				6A9E69DB29D04BC0001FDECC /* Assets.xcassets */,
				6A9E69DD29D04BC0001FDECC /* Preview Content */,
			);
			path = FoodMarketiOS;
			sourceTree = "<group>";
		};
		6A9E69DD29D04BC0001FDECC /* Preview Content */ = {
			isa = PBXGroup;
			children = (
				6A9E69DE29D04BC0001FDECC /* Preview Assets.xcassets */,
			);
			path = "Preview Content";
			sourceTree = "<group>";
		};
		6A9E69E729D04BC0001FDECC /* FoodMarketiOSTests */ = {
			isa = PBXGroup;
			children = (
				6A9E69E829D04BC0001FDECC /* FoodMarketiOSTests.swift */,
			);
			path = FoodMarketiOSTests;
			sourceTree = "<group>";
		};
		6A9E69F129D04BC0001FDECC /* FoodMarketiOSUITests */ = {
			isa = PBXGroup;
			children = (
				6A9E69F229D04BC0001FDECC /* FoodMarketiOSUITests.swift */,
				6A9E69F429D04BC0001FDECC /* FoodMarketiOSUITestsLaunchTests.swift */,
			);
			path = FoodMarketiOSUITests;
			sourceTree = "<group>";
		};
		6A9E6A0129D04E9F001FDECC /* ViewModel */ = {
			isa = PBXGroup;
			children = (
			);
			path = ViewModel;
			sourceTree = "<group>";
		};
		6A9E6A0229D04EB1001FDECC /* Model */ = {
			isa = PBXGroup;
			children = (
			);
			path = Model;
			sourceTree = "<group>";
		};
		6A9E6A0329D04EB6001FDECC /* View */ = {
			isa = PBXGroup;
			children = (
				6A9E6A0829D04F28001FDECC /* Page */,
				6A9E6A0729D04F14001FDECC /* Components */,
			);
			path = View;
			sourceTree = "<group>";
		};
		6A9E6A0429D04EC1001FDECC /* Controllers */ = {
			isa = PBXGroup;
			children = (
				6A9E6A0529D04ED0001FDECC /* Services.swift */,
			);
			path = Controllers;
			sourceTree = "<group>";
		};
		6A9E6A0729D04F14001FDECC /* Components */ = {
			isa = PBXGroup;
			children = (
				6AA9617929D1BABB006F79F1 /* ButtonCustome.swift */,
				6A12ABCD29D3F1DE000D184A /* InputCustome.swift */,
				6A1BD16329D5598700E6694E /* TopBar.swift */,
				6A1BD16529D55EBD00E6694E /* DropdownCustome.swift */,
				6A1BD16929D5795000E6694E /* Card.swift */,
				6ACCD75829D80A6200DD2889 /* Tab.swift */,
				6ACCD75A29D80E7800DD2889 /* TabItem.swift */,
				6ACCD75C29D8132E00DD2889 /* TabFooter.swift */,
				6AAE3C8E29E7EC99003335A7 /* LoadingIndicator.swift */,
				6A6475E629F26111005EBE88 /* ListCustome.swift */,
			);
			path = Components;
			sourceTree = "<group>";
		};
		6A9E6A0829D04F28001FDECC /* Page */ = {
			isa = PBXGroup;
			children = (
				6A9E6A0B29D0541C001FDECC /* SplashScreen.swift */,
				6AA9617B29D1C616006F79F1 /* MakeOrder.swift */,
				6AA6866F29D2B9EE00F70DC0 /* SignIn.swift */,
				6A2DD01529D43930002172BF /* SignUp.swift */,
				6A1BD16729D5725300E6694E /* Home.swift */,
				6A5D6FA329DD617900EE669F /* Order.swift */,
				6AE3250829E7E38800BC7494 /* Profile.swift */,
				6A09CD0129F7BCCC00D9F108 /* ProdukDetail.swift */,
			);
			path = Page;
			sourceTree = "<group>";
		};
/* End PBXGroup section */

/* Begin PBXNativeTarget section */
		6A9E69D329D04BBF001FDECC /* FoodMarketiOS */ = {
			isa = PBXNativeTarget;
			buildConfigurationList = 6A9E69F829D04BC0001FDECC /* Build configuration list for PBXNativeTarget "FoodMarketiOS" */;
			buildPhases = (
				6A9E69D029D04BBF001FDECC /* Sources */,
				6A9E69D129D04BBF001FDECC /* Frameworks */,
				6A9E69D229D04BBF001FDECC /* Resources */,
			);
			buildRules = (
			);
			dependencies = (
			);
			name = FoodMarketiOS;
			productName = FoodMarketiOS;
			productReference = 6A9E69D429D04BBF001FDECC /* FoodMarketiOS.app */;
			productType = "com.apple.product-type.application";
		};
		6A9E69E329D04BC0001FDECC /* FoodMarketiOSTests */ = {
			isa = PBXNativeTarget;
			buildConfigurationList = 6A9E69FB29D04BC0001FDECC /* Build configuration list for PBXNativeTarget "FoodMarketiOSTests" */;
			buildPhases = (
				6A9E69E029D04BC0001FDECC /* Sources */,
				6A9E69E129D04BC0001FDECC /* Frameworks */,
				6A9E69E229D04BC0001FDECC /* Resources */,
			);
			buildRules = (
			);
			dependencies = (
				6A9E69E629D04BC0001FDECC /* PBXTargetDependency */,
			);
			name = FoodMarketiOSTests;
			productName = FoodMarketiOSTests;
			productReference = 6A9E69E429D04BC0001FDECC /* FoodMarketiOSTests.xctest */;
			productType = "com.apple.product-type.bundle.unit-test";
		};
		6A9E69ED29D04BC0001FDECC /* FoodMarketiOSUITests */ = {
			isa = PBXNativeTarget;
			buildConfigurationList = 6A9E69FE29D04BC0001FDECC /* Build configuration list for PBXNativeTarget "FoodMarketiOSUITests" */;
			buildPhases = (
				6A9E69EA29D04BC0001FDECC /* Sources */,
				6A9E69EB29D04BC0001FDECC /* Frameworks */,
				6A9E69EC29D04BC0001FDECC /* Resources */,
			);
			buildRules = (
			);
			dependencies = (
				6A9E69F029D04BC0001FDECC /* PBXTargetDependency */,
			);
			name = FoodMarketiOSUITests;
			productName = FoodMarketiOSUITests;
			productReference = 6A9E69EE29D04BC0001FDECC /* FoodMarketiOSUITests.xctest */;
			productType = "com.apple.product-type.bundle.ui-testing";
		};
/* End PBXNativeTarget section */

/* Begin PBXProject section */
		6A9E69CC29D04BBF001FDECC /* Project object */ = {
			isa = PBXProject;
			attributes = {
				BuildIndependentTargetsInParallel = 1;
				LastSwiftUpdateCheck = 1330;
				LastUpgradeCheck = 1330;
				TargetAttributes = {
					6A9E69D329D04BBF001FDECC = {
						CreatedOnToolsVersion = 13.3;
					};
					6A9E69E329D04BC0001FDECC = {
						CreatedOnToolsVersion = 13.3;
						TestTargetID = 6A9E69D329D04BBF001FDECC;
					};
					6A9E69ED29D04BC0001FDECC = {
						CreatedOnToolsVersion = 13.3;
						TestTargetID = 6A9E69D329D04BBF001FDECC;
					};
				};
			};
			buildConfigurationList = 6A9E69CF29D04BBF001FDECC /* Build configuration list for PBXProject "FoodMarketiOS" */;
			compatibilityVersion = "Xcode 13.0";
			developmentRegion = en;
			hasScannedForEncodings = 0;
			knownRegions = (
				en,
				Base,
			);
			mainGroup = 6A9E69CB29D04BBF001FDECC;
			productRefGroup = 6A9E69D529D04BBF001FDECC /* Products */;
			projectDirPath = "";
			projectRoot = "";
			targets = (
				6A9E69D329D04BBF001FDECC /* FoodMarketiOS */,
				6A9E69E329D04BC0001FDECC /* FoodMarketiOSTests */,
				6A9E69ED29D04BC0001FDECC /* FoodMarketiOSUITests */,
			);
		};
/* End PBXProject section */

/* Begin PBXResourcesBuildPhase section */
		6A9E69D229D04BBF001FDECC /* Resources */ = {
			isa = PBXResourcesBuildPhase;
			buildActionMask = 2147483647;
			files = (
				6A9E69DF29D04BC0001FDECC /* Preview Assets.xcassets in Resources */,
				6A9E69DC29D04BC0001FDECC /* Assets.xcassets in Resources */,
			);
			runOnlyForDeploymentPostprocessing = 0;
		};
		6A9E69E229D04BC0001FDECC /* Resources */ = {
			isa = PBXResourcesBuildPhase;
			buildActionMask = 2147483647;
			files = (
			);
			runOnlyForDeploymentPostprocessing = 0;
		};
		6A9E69EC29D04BC0001FDECC /* Resources */ = {
			isa = PBXResourcesBuildPhase;
			buildActionMask = 2147483647;
			files = (
			);
			runOnlyForDeploymentPostprocessing = 0;
		};
/* End PBXResourcesBuildPhase section */

/* Begin PBXSourcesBuildPhase section */
		6A9E69D029D04BBF001FDECC /* Sources */ = {
			isa = PBXSourcesBuildPhase;
			buildActionMask = 2147483647;
			files = (
				6ACCD75D29D8132E00DD2889 /* TabFooter.swift in Sources */,
				6A09CD0229F7BCCC00D9F108 /* ProdukDetail.swift in Sources */,
				6AA9617A29D1BABB006F79F1 /* ButtonCustome.swift in Sources */,
				6A9E6A0C29D0541C001FDECC /* SplashScreen.swift in Sources */,
				6A9E69DA29D04BBF001FDECC /* ContentView.swift in Sources */,
				6A9E6A0629D04ED0001FDECC /* Services.swift in Sources */,
				6A1BD16A29D5795000E6694E /* Card.swift in Sources */,
				6A5D6FA429DD617900EE669F /* Order.swift in Sources */,
				6AE3250929E7E38800BC7494 /* Profile.swift in Sources */,
				6A6475E729F26111005EBE88 /* ListCustome.swift in Sources */,
				6AA6867029D2B9EE00F70DC0 /* SignIn.swift in Sources */,
				6A12ABCE29D3F1DE000D184A /* InputCustome.swift in Sources */,
				6A1BD16629D55EBD00E6694E /* DropdownCustome.swift in Sources */,
				6ACCD75B29D80E7800DD2889 /* TabItem.swift in Sources */,
				6AA9617C29D1C616006F79F1 /* MakeOrder.swift in Sources */,
				6A1BD16429D5598700E6694E /* TopBar.swift in Sources */,
				6A2DD01629D43930002172BF /* SignUp.swift in Sources */,
				6A1BD16829D5725300E6694E /* Home.swift in Sources */,
				6A9E69D829D04BBF001FDECC /* FoodMarketiOSApp.swift in Sources */,
				6AAE3C8F29E7EC99003335A7 /* LoadingIndicator.swift in Sources */,
				6ACCD75929D80A6200DD2889 /* Tab.swift in Sources */,
			);
			runOnlyForDeploymentPostprocessing = 0;
		};
		6A9E69E029D04BC0001FDECC /* Sources */ = {
			isa = PBXSourcesBuildPhase;
			buildActionMask = 2147483647;
			files = (
				6A9E69E929D04BC0001FDECC /* FoodMarketiOSTests.swift in Sources */,
			);
			runOnlyForDeploymentPostprocessing = 0;
		};
		6A9E69EA29D04BC0001FDECC /* Sources */ = {
			isa = PBXSourcesBuildPhase;
			buildActionMask = 2147483647;
			files = (
				6A9E69F529D04BC0001FDECC /* FoodMarketiOSUITestsLaunchTests.swift in Sources */,
				6A9E69F329D04BC0001FDECC /* FoodMarketiOSUITests.swift in Sources */,
			);
			runOnlyForDeploymentPostprocessing = 0;
		};
/* End PBXSourcesBuildPhase section */

/* Begin PBXTargetDependency section */
		6A9E69E629D04BC0001FDECC /* PBXTargetDependency */ = {
			isa = PBXTargetDependency;
			target = 6A9E69D329D04BBF001FDECC /* FoodMarketiOS */;
			targetProxy = 6A9E69E529D04BC0001FDECC /* PBXContainerItemProxy */;
		};
		6A9E69F029D04BC0001FDECC /* PBXTargetDependency */ = {
			isa = PBXTargetDependency;
			target = 6A9E69D329D04BBF001FDECC /* FoodMarketiOS */;
			targetProxy = 6A9E69EF29D04BC0001FDECC /* PBXContainerItemProxy */;
		};
/* End PBXTargetDependency section */

/* Begin XCBuildConfiguration section */
		6A9E69F629D04BC0001FDECC /* Debug */ = {
			isa = XCBuildConfiguration;
			buildSettings = {
				ALWAYS_SEARCH_USER_PATHS = NO;
				CLANG_ANALYZER_NONNULL = YES;
				CLANG_ANALYZER_NUMBER_OBJECT_CONVERSION = YES_AGGRESSIVE;
				CLANG_CXX_LANGUAGE_STANDARD = "gnu++17";
				CLANG_ENABLE_MODULES = YES;
				CLANG_ENABLE_OBJC_ARC = YES;
				CLANG_ENABLE_OBJC_WEAK = YES;
				CLANG_WARN_BLOCK_CAPTURE_AUTORELEASING = YES;
				CLANG_WARN_BOOL_CONVERSION = YES;
				CLANG_WARN_COMMA = YES;
				CLANG_WARN_CONSTANT_CONVERSION = YES;
				CLANG_WARN_DEPRECATED_OBJC_IMPLEMENTATIONS = YES;
				CLANG_WARN_DIRECT_OBJC_ISA_USAGE = YES_ERROR;
				CLANG_WARN_DOCUMENTATION_COMMENTS = YES;
				CLANG_WARN_EMPTY_BODY = YES;
				CLANG_WARN_ENUM_CONVERSION = YES;
				CLANG_WARN_INFINITE_RECURSION = YES;
				CLANG_WARN_INT_CONVERSION = YES;
				CLANG_WARN_NON_LITERAL_NULL_CONVERSION = YES;
				CLANG_WARN_OBJC_IMPLICIT_RETAIN_SELF = YES;
				CLANG_WARN_OBJC_LITERAL_CONVERSION = YES;
				CLANG_WARN_OBJC_ROOT_CLASS = YES_ERROR;
				CLANG_WARN_QUOTED_INCLUDE_IN_FRAMEWORK_HEADER = YES;
				CLANG_WARN_RANGE_LOOP_ANALYSIS = YES;
				CLANG_WARN_STRICT_PROTOTYPES = YES;
				CLANG_WARN_SUSPICIOUS_MOVE = YES;
				CLANG_WARN_UNGUARDED_AVAILABILITY = YES_AGGRESSIVE;
				CLANG_WARN_UNREACHABLE_CODE = YES;
				CLANG_WARN__DUPLICATE_METHOD_MATCH = YES;
				COPY_PHASE_STRIP = NO;
				DEBUG_INFORMATION_FORMAT = dwarf;
				ENABLE_STRICT_OBJC_MSGSEND = YES;
				ENABLE_TESTABILITY = YES;
				GCC_C_LANGUAGE_STANDARD = gnu11;
				GCC_DYNAMIC_NO_PIC = NO;
				GCC_NO_COMMON_BLOCKS = YES;
				GCC_OPTIMIZATION_LEVEL = 0;
				GCC_PREPROCESSOR_DEFINITIONS = (
					"DEBUG=1",
					"$(inherited)",
				);
				GCC_WARN_64_TO_32_BIT_CONVERSION = YES;
				GCC_WARN_ABOUT_RETURN_TYPE = YES_ERROR;
				GCC_WARN_UNDECLARED_SELECTOR = YES;
				GCC_WARN_UNINITIALIZED_AUTOS = YES_AGGRESSIVE;
				GCC_WARN_UNUSED_FUNCTION = YES;
				GCC_WARN_UNUSED_VARIABLE = YES;
				IPHONEOS_DEPLOYMENT_TARGET = 15.4;
				MTL_ENABLE_DEBUG_INFO = INCLUDE_SOURCE;
				MTL_FAST_MATH = YES;
				ONLY_ACTIVE_ARCH = YES;
				SDKROOT = iphoneos;
				SWIFT_ACTIVE_COMPILATION_CONDITIONS = DEBUG;
				SWIFT_OPTIMIZATION_LEVEL = "-Onone";
			};
			name = Debug;
		};
		6A9E69F729D04BC0001FDECC /* Release */ = {
			isa = XCBuildConfiguration;
			buildSettings = {
				ALWAYS_SEARCH_USER_PATHS = NO;
				CLANG_ANALYZER_NONNULL = YES;
				CLANG_ANALYZER_NUMBER_OBJECT_CONVERSION = YES_AGGRESSIVE;
				CLANG_CXX_LANGUAGE_STANDARD = "gnu++17";
				CLANG_ENABLE_MODULES = YES;
				CLANG_ENABLE_OBJC_ARC = YES;
				CLANG_ENABLE_OBJC_WEAK = YES;
				CLANG_WARN_BLOCK_CAPTURE_AUTORELEASING = YES;
				CLANG_WARN_BOOL_CONVERSION = YES;
				CLANG_WARN_COMMA = YES;
				CLANG_WARN_CONSTANT_CONVERSION = YES;
				CLANG_WARN_DEPRECATED_OBJC_IMPLEMENTATIONS = YES;
				CLANG_WARN_DIRECT_OBJC_ISA_USAGE = YES_ERROR;
				CLANG_WARN_DOCUMENTATION_COMMENTS = YES;
				CLANG_WARN_EMPTY_BODY = YES;
				CLANG_WARN_ENUM_CONVERSION = YES;
				CLANG_WARN_INFINITE_RECURSION = YES;
				CLANG_WARN_INT_CONVERSION = YES;
				CLANG_WARN_NON_LITERAL_NULL_CONVERSION = YES;
				CLANG_WARN_OBJC_IMPLICIT_RETAIN_SELF = YES;
				CLANG_WARN_OBJC_LITERAL_CONVERSION = YES;
				CLANG_WARN_OBJC_ROOT_CLASS = YES_ERROR;
				CLANG_WARN_QUOTED_INCLUDE_IN_FRAMEWORK_HEADER = YES;
				CLANG_WARN_RANGE_LOOP_ANALYSIS = YES;
				CLANG_WARN_STRICT_PROTOTYPES = YES;
				CLANG_WARN_SUSPICIOUS_MOVE = YES;
				CLANG_WARN_UNGUARDED_AVAILABILITY = YES_AGGRESSIVE;
				CLANG_WARN_UNREACHABLE_CODE = YES;
				CLANG_WARN__DUPLICATE_METHOD_MATCH = YES;
				COPY_PHASE_STRIP = NO;
				DEBUG_INFORMATION_FORMAT = "dwarf-with-dsym";
				ENABLE_NS_ASSERTIONS = NO;
				ENABLE_STRICT_OBJC_MSGSEND = YES;
				GCC_C_LANGUAGE_STANDARD = gnu11;
				GCC_NO_COMMON_BLOCKS = YES;
				GCC_WARN_64_TO_32_BIT_CONVERSION = YES;
				GCC_WARN_ABOUT_RETURN_TYPE = YES_ERROR;
				GCC_WARN_UNDECLARED_SELECTOR = YES;
				GCC_WARN_UNINITIALIZED_AUTOS = YES_AGGRESSIVE;
				GCC_WARN_UNUSED_FUNCTION = YES;
				GCC_WARN_UNUSED_VARIABLE = YES;
				IPHONEOS_DEPLOYMENT_TARGET = 15.4;
				MTL_ENABLE_DEBUG_INFO = NO;
				MTL_FAST_MATH = YES;
				SDKROOT = iphoneos;
				SWIFT_COMPILATION_MODE = wholemodule;
				SWIFT_OPTIMIZATION_LEVEL = "-O";
				VALIDATE_PRODUCT = YES;
			};
			name = Release;
		};
		6A9E69F929D04BC0001FDECC /* Debug */ = {
			isa = XCBuildConfiguration;
			buildSettings = {
				ASSETCATALOG_COMPILER_APPICON_NAME = AppIcon;
				ASSETCATALOG_COMPILER_GLOBAL_ACCENT_COLOR_NAME = AccentColor;
				CODE_SIGN_STYLE = Automatic;
				CURRENT_PROJECT_VERSION = 1;
				DEVELOPMENT_ASSET_PATHS = "\"FoodMarketiOS/Preview Content\"";
				ENABLE_PREVIEWS = YES;
				GENERATE_INFOPLIST_FILE = YES;
				INFOPLIST_FILE = FoodMarketiOS/Info.plist;
				INFOPLIST_KEY_UIApplicationSceneManifest_Generation = YES;
				INFOPLIST_KEY_UIApplicationSupportsIndirectInputEvents = YES;
				INFOPLIST_KEY_UISupportedInterfaceOrientations_iPad = "UIInterfaceOrientationPortrait UIInterfaceOrientationPortraitUpsideDown UIInterfaceOrientationLandscapeLeft UIInterfaceOrientationLandscapeRight";
				INFOPLIST_KEY_UISupportedInterfaceOrientations_iPhone = "UIInterfaceOrientationPortrait UIInterfaceOrientationLandscapeLeft UIInterfaceOrientationLandscapeRight";
				LD_RUNPATH_SEARCH_PATHS = (
					"$(inherited)",
					"@executable_path/Frameworks",
				);
				MARKETING_VERSION = 1.0;
				PRODUCT_BUNDLE_IDENTIFIER = "faisal-center.FoodMarketiOS";
				PRODUCT_NAME = "$(TARGET_NAME)";
				SWIFT_EMIT_LOC_STRINGS = YES;
				SWIFT_VERSION = 5.0;
				TARGETED_DEVICE_FAMILY = "1,2";
			};
			name = Debug;
		};
		6A9E69FA29D04BC0001FDECC /* Release */ = {
			isa = XCBuildConfiguration;
			buildSettings = {
				ASSETCATALOG_COMPILER_APPICON_NAME = AppIcon;
				ASSETCATALOG_COMPILER_GLOBAL_ACCENT_COLOR_NAME = AccentColor;
				CODE_SIGN_STYLE = Automatic;
				CURRENT_PROJECT_VERSION = 1;
				DEVELOPMENT_ASSET_PATHS = "\"FoodMarketiOS/Preview Content\"";
				ENABLE_PREVIEWS = YES;
				GENERATE_INFOPLIST_FILE = YES;
				INFOPLIST_FILE = FoodMarketiOS/Info.plist;
				INFOPLIST_KEY_UIApplicationSceneManifest_Generation = YES;
				INFOPLIST_KEY_UIApplicationSupportsIndirectInputEvents = YES;
				INFOPLIST_KEY_UISupportedInterfaceOrientations_iPad = "UIInterfaceOrientationPortrait UIInterfaceOrientationPortraitUpsideDown UIInterfaceOrientationLandscapeLeft UIInterfaceOrientationLandscapeRight";
				INFOPLIST_KEY_UISupportedInterfaceOrientations_iPhone = "UIInterfaceOrientationPortrait UIInterfaceOrientationLandscapeLeft UIInterfaceOrientationLandscapeRight";
				LD_RUNPATH_SEARCH_PATHS = (
					"$(inherited)",
					"@executable_path/Frameworks",
				);
				MARKETING_VERSION = 1.0;
				PRODUCT_BUNDLE_IDENTIFIER = "faisal-center.FoodMarketiOS";
				PRODUCT_NAME = "$(TARGET_NAME)";
				SWIFT_EMIT_LOC_STRINGS = YES;
				SWIFT_VERSION = 5.0;
				TARGETED_DEVICE_FAMILY = "1,2";
			};
			name = Release;
		};
		6A9E69FC29D04BC0001FDECC /* Debug */ = {
			isa = XCBuildConfiguration;
			buildSettings = {
				ALWAYS_EMBED_SWIFT_STANDARD_LIBRARIES = YES;
				BUNDLE_LOADER = "$(TEST_HOST)";
				CODE_SIGN_STYLE = Automatic;
				CURRENT_PROJECT_VERSION = 1;
				GENERATE_INFOPLIST_FILE = YES;
				IPHONEOS_DEPLOYMENT_TARGET = 15.4;
				MARKETING_VERSION = 1.0;
				PRODUCT_BUNDLE_IDENTIFIER = "faisal-center.FoodMarketiOSTests";
				PRODUCT_NAME = "$(TARGET_NAME)";
				SWIFT_EMIT_LOC_STRINGS = NO;
				SWIFT_VERSION = 5.0;
				TARGETED_DEVICE_FAMILY = "1,2";
				TEST_HOST = "$(BUILT_PRODUCTS_DIR)/FoodMarketiOS.app/FoodMarketiOS";
			};
			name = Debug;
		};
		6A9E69FD29D04BC0001FDECC /* Release */ = {
			isa = XCBuildConfiguration;
			buildSettings = {
				ALWAYS_EMBED_SWIFT_STANDARD_LIBRARIES = YES;
				BUNDLE_LOADER = "$(TEST_HOST)";
				CODE_SIGN_STYLE = Automatic;
				CURRENT_PROJECT_VERSION = 1;
				GENERATE_INFOPLIST_FILE = YES;
				IPHONEOS_DEPLOYMENT_TARGET = 15.4;
				MARKETING_VERSION = 1.0;
				PRODUCT_BUNDLE_IDENTIFIER = "faisal-center.FoodMarketiOSTests";
				PRODUCT_NAME = "$(TARGET_NAME)";
				SWIFT_EMIT_LOC_STRINGS = NO;
				SWIFT_VERSION = 5.0;
				TARGETED_DEVICE_FAMILY = "1,2";
				TEST_HOST = "$(BUILT_PRODUCTS_DIR)/FoodMarketiOS.app/FoodMarketiOS";
			};
			name = Release;
		};
		6A9E69FF29D04BC0001FDECC /* Debug */ = {
			isa = XCBuildConfiguration;
			buildSettings = {
				ALWAYS_EMBED_SWIFT_STANDARD_LIBRARIES = YES;
				CODE_SIGN_STYLE = Automatic;
				CURRENT_PROJECT_VERSION = 1;
				GENERATE_INFOPLIST_FILE = YES;
				MARKETING_VERSION = 1.0;
				PRODUCT_BUNDLE_IDENTIFIER = "faisal-center.FoodMarketiOSUITests";
				PRODUCT_NAME = "$(TARGET_NAME)";
				SWIFT_EMIT_LOC_STRINGS = NO;
				SWIFT_VERSION = 5.0;
				TARGETED_DEVICE_FAMILY = "1,2";
				TEST_TARGET_NAME = FoodMarketiOS;
			};
			name = Debug;
		};
		6A9E6A0029D04BC0001FDECC /* Release */ = {
			isa = XCBuildConfiguration;
			buildSettings = {
				ALWAYS_EMBED_SWIFT_STANDARD_LIBRARIES = YES;
				CODE_SIGN_STYLE = Automatic;
				CURRENT_PROJECT_VERSION = 1;
				GENERATE_INFOPLIST_FILE = YES;
				MARKETING_VERSION = 1.0;
				PRODUCT_BUNDLE_IDENTIFIER = "faisal-center.FoodMarketiOSUITests";
				PRODUCT_NAME = "$(TARGET_NAME)";
				SWIFT_EMIT_LOC_STRINGS = NO;
				SWIFT_VERSION = 5.0;
				TARGETED_DEVICE_FAMILY = "1,2";
				TEST_TARGET_NAME = FoodMarketiOS;
			};
			name = Release;
		};
/* End XCBuildConfiguration section */

/* Begin XCConfigurationList section */
		6A9E69CF29D04BBF001FDECC /* Build configuration list for PBXProject "FoodMarketiOS" */ = {
			isa = XCConfigurationList;
			buildConfigurations = (
				6A9E69F629D04BC0001FDECC /* Debug */,
				6A9E69F729D04BC0001FDECC /* Release */,
			);
			defaultConfigurationIsVisible = 0;
			defaultConfigurationName = Release;
		};
		6A9E69F829D04BC0001FDECC /* Build configuration list for PBXNativeTarget "FoodMarketiOS" */ = {
			isa = XCConfigurationList;
			buildConfigurations = (
				6A9E69F929D04BC0001FDECC /* Debug */,
				6A9E69FA29D04BC0001FDECC /* Release */,
			);
			defaultConfigurationIsVisible = 0;
			defaultConfigurationName = Release;
		};
		6A9E69FB29D04BC0001FDECC /* Build configuration list for PBXNativeTarget "FoodMarketiOSTests" */ = {
			isa = XCConfigurationList;
			buildConfigurations = (
				6A9E69FC29D04BC0001FDECC /* Debug */,
				6A9E69FD29D04BC0001FDECC /* Release */,
			);
			defaultConfigurationIsVisible = 0;
			defaultConfigurationName = Release;
		};
		6A9E69FE29D04BC0001FDECC /* Build configuration list for PBXNativeTarget "FoodMarketiOSUITests" */ = {
			isa = XCConfigurationList;
			buildConfigurations = (
				6A9E69FF29D04BC0001FDECC /* Debug */,
				6A9E6A0029D04BC0001FDECC /* Release */,
			);
			defaultConfigurationIsVisible = 0;
			defaultConfigurationName = Release;
		};
/* End XCConfigurationList section */
	};
	rootObject = 6A9E69CC29D04BBF001FDECC /* Project object */;
}
